
Microsoft Visual Studio Solution File, Format Version 12.00
# Visual Studio Version 17
VisualStudioVersion = 17.11.35327.3
MinimumVisualStudioVersion = 10.0.40219.1
Project("{8BC9CEB8-8B4A-11D0-8D11-00A0C91BC942}") = "Tic-Tac-Toe", "Tic-Tac-Toe\Tic-Tac-Toe.vcxproj", "{789B3209-40CE-4225-B2E9-A00C5848C354}"
EndProject
Global
	GlobalSection(SolutionConfigurationPlatforms) = preSolution
		Debug|x64 = Debug|x64
		Debug|x86 = Debug|x86
		Release|x64 = Release|x64
		Release|x86 = Release|x86
	EndGlobalSection
	GlobalSection(ProjectConfigurationPlatforms) = postSolution
		{789B3209-40CE-4225-B2E9-A00C5848C354}.Debug|x64.ActiveCfg = Debug|x64
		{789B3209-40CE-4225-B2E9-A00C5848C354}.Debug|x64.Build.0 = Debug|x64
		{789B3209-40CE-4225-B2E9-A00C5848C354}.Debug|x86.ActiveCfg = Debug|Win32
		{789B3209-40CE-4225-B2E9-A00C5848C354}.Debug|x86.Build.0 = Debug|Win32
		{789B3209-40CE-4225-B2E9-A00C5848C354}.Release|x64.ActiveCfg = Release|x64
		{789B3209-40CE-4225-B2E9-A00C5848C354}.Release|x64.Build.0 = Release|x64
		{789B3209-40CE-4225-B2E9-A00C5848C354}.Release|x86.ActiveCfg = Release|Win32
		{789B3209-40CE-4225-B2E9-A00C5848C354}.Release|x86.Build.0 = Release|Win32
	EndGlobalSection
	GlobalSection(SolutionProperties) = preSolution
		HideSolutionNode = FALSE
	EndGlobalSection
	GlobalSection(ExtensibilityGlobals) = postSolution
		SolutionGuid = {E0FCFC73-C48C-4812-9727-4296A1BCCD29}
	EndGlobalSection
EndGlobal
